{
  "version": 4,
  "terraform_version": "1.14.2",
  "serial": 44,
  "lineage": "a956a48e-e931-a0f9-ac82-c5b40747c807",
  "outputs": {},
  "resources": [
    {
      "mode": "data",
      "type": "hcloud_ssh_key",
      "name": "authos-cluster",
      "provider": "provider[\"registry.terraform.io/hetznercloud/hcloud\"]",
      "instances": [
        {
          "schema_version": 0,
          "attributes": {
            "fingerprint": "a2:92:d1:b8:18:d8:42:d0:ef:8f:1f:c4:4a:21:58:3f",
            "id": 104278281,
            "labels": {},
            "name": "authos-cluster",
            "public_key": "ssh-ed25519 AAAAC3NzaC1lZDI1NTE5AAAAIB+HWWsHT00arJTAEDkaWOFTFcF2zLD+5PJLg7cVYy8u",
            "selector": null,
            "with_selector": null
          },
          "sensitive_attributes": [],
          "identity_schema_version": 0
        }
      ]
    },
    {
      "mode": "managed",
      "type": "hcloud_network",
      "name": "authos_network",
      "provider": "provider[\"registry.terraform.io/hetznercloud/hcloud\"]",
      "instances": [
        {
          "schema_version": 0,
          "attributes": {
            "delete_protection": false,
            "expose_routes_to_vswitch": false,
            "id": "11736323",
            "ip_range": "10.0.0.0/16",
            "labels": null,
            "name": "authos-net"
          },
          "sensitive_attributes": [],
          "identity_schema_version": 0,
          "private": "bnVsbA=="
        }
      ]
    },
    {
      "mode": "managed",
      "type": "hcloud_network_subnet",
      "name": "cp_authos_subnet",
      "provider": "provider[\"registry.terraform.io/hetznercloud/hcloud\"]",
      "instances": [
        {
          "schema_version": 0,
          "attributes": {
            "gateway": "10.0.0.1",
            "id": "11736323-10.0.1.0/24",
            "ip_range": "10.0.1.0/24",
            "network_id": 11736323,
            "network_zone": "eu-central",
            "type": "cloud",
            "vswitch_id": null
          },
          "sensitive_attributes": [],
          "identity_schema_version": 0,
          "private": "bnVsbA==",
          "dependencies": [
            "hcloud_network.authos_network"
          ]
        }
      ]
    },
    {
      "mode": "managed",
      "type": "hcloud_network_subnet",
      "name": "db_authos_subnet",
      "provider": "provider[\"registry.terraform.io/hetznercloud/hcloud\"]",
      "instances": [
        {
          "schema_version": 0,
          "attributes": {
            "gateway": "10.0.0.1",
            "id": "11736323-10.0.3.0/24",
            "ip_range": "10.0.3.0/24",
            "network_id": 11736323,
            "network_zone": "eu-central",
            "type": "cloud",
            "vswitch_id": null
          },
          "sensitive_attributes": [],
          "identity_schema_version": 0,
          "private": "bnVsbA==",
          "dependencies": [
            "hcloud_network.authos_network"
          ]
        }
      ]
    },
    {
      "mode": "managed",
      "type": "hcloud_network_subnet",
      "name": "worker_authos_subnet",
      "provider": "provider[\"registry.terraform.io/hetznercloud/hcloud\"]",
      "instances": [
        {
          "schema_version": 0,
          "attributes": {
            "gateway": "10.0.0.1",
            "id": "11736323-10.0.2.0/24",
            "ip_range": "10.0.2.0/24",
            "network_id": 11736323,
            "network_zone": "eu-central",
            "type": "cloud",
            "vswitch_id": null
          },
          "sensitive_attributes": [],
          "identity_schema_version": 0,
          "private": "bnVsbA==",
          "dependencies": [
            "hcloud_network.authos_network"
          ]
        }
      ]
    },
    {
      "mode": "managed",
      "type": "hcloud_primary_ip",
      "name": "cp_authos_ip",
      "provider": "provider[\"registry.terraform.io/hetznercloud/hcloud\"]",
      "instances": [
        {
          "schema_version": 0,
          "attributes": {
            "assignee_id": 0,
            "assignee_type": "server",
            "auto_delete": false,
            "datacenter": "hel1-dc2",
            "delete_protection": false,
            "id": "110296483",
            "ip_address": "46.62.209.249",
            "ip_network": null,
            "labels": null,
            "name": "cp-authos-ip",
            "type": "ipv4"
          },
          "sensitive_attributes": [],
          "identity_schema_version": 0,
          "private": "bnVsbA=="
        }
      ]
    },
    {
      "mode": "managed",
      "type": "hcloud_primary_ip",
      "name": "wk_authos_ips",
      "provider": "provider[\"registry.terraform.io/hetznercloud/hcloud\"]",
      "instances": [
        {
          "index_key": 0,
          "schema_version": 0,
          "attributes": {
            "assignee_id": 0,
            "assignee_type": "server",
            "auto_delete": false,
            "datacenter": "hel1-dc2",
            "delete_protection": false,
            "id": "110296484",
            "ip_address": "46.62.144.192",
            "ip_network": null,
            "labels": null,
            "name": "wk-authos-1-ip",
            "type": "ipv4"
          },
          "sensitive_attributes": [],
          "identity_schema_version": 0,
          "private": "bnVsbA=="
        },
        {
          "index_key": 1,
          "schema_version": 0,
          "attributes": {
            "assignee_id": 0,
            "assignee_type": "server",
            "auto_delete": false,
            "datacenter": "hel1-dc2",
            "delete_protection": false,
            "id": "110296482",
            "ip_address": "37.27.200.9",
            "ip_network": null,
            "labels": null,
            "name": "wk-authos-2-ip",
            "type": "ipv4"
          },
          "sensitive_attributes": [],
          "identity_schema_version": 0,
          "private": "bnVsbA=="
        }
      ]
    },
    {
      "mode": "managed",
      "type": "hcloud_server",
      "name": "authos_control_plane",
      "provider": "provider[\"registry.terraform.io/hetznercloud/hcloud\"]",
      "instances": [
        {
          "schema_version": 0,
          "attributes": {
            "allow_deprecated_images": false,
            "backup_window": "",
            "backups": false,
            "datacenter": "hel1-dc2",
            "delete_protection": false,
            "firewall_ids": [],
            "id": "115278353",
            "ignore_remote_firewall_ids": false,
            "image": "ubuntu-24.04",
            "ipv4_address": "46.62.209.249",
            "ipv6_address": "",
            "ipv6_network": "\u003cnil\u003e",
            "iso": null,
            "keep_disk": false,
            "labels": null,
            "location": "hel1",
            "name": "cp-authos",
            "network": [
              {
                "alias_ips": [],
                "ip": "10.0.1.5",
                "mac_address": "86:00:00:8b:8e:b2",
                "network_id": 11736323
              }
            ],
            "placement_group_id": 0,
            "primary_disk_size": 40,
            "public_net": [
              {
                "ipv4": 110296483,
                "ipv4_enabled": true,
                "ipv6": 0,
                "ipv6_enabled": false
              }
            ],
            "rebuild_protection": false,
            "rescue": null,
            "server_type": "cx23",
            "shutdown_before_deletion": false,
            "ssh_keys": [
              "104278281"
            ],
            "status": "running",
            "timeouts": null,
            "user_data": null
          },
          "sensitive_attributes": [],
          "identity_schema_version": 0,
          "private": "eyJlMmJmYjczMC1lY2FhLTExZTYtOGY4OC0zNDM2M2JjN2M0YzAiOnsiY3JlYXRlIjo1NDAwMDAwMDAwMDAwfX0=",
          "dependencies": [
            "data.hcloud_ssh_key.authos-cluster",
            "hcloud_network.authos_network",
            "hcloud_network_subnet.cp_authos_subnet",
            "hcloud_primary_ip.cp_authos_ip"
          ]
        }
      ]
    },
    {
      "mode": "managed",
      "type": "hcloud_server",
      "name": "workers",
      "provider": "provider[\"registry.terraform.io/hetznercloud/hcloud\"]",
      "instances": [
        {
          "index_key": 0,
          "schema_version": 0,
          "attributes": {
            "allow_deprecated_images": false,
            "backup_window": "",
            "backups": false,
            "datacenter": "hel1-dc2",
            "delete_protection": false,
            "firewall_ids": [],
            "id": "115278352",
            "ignore_remote_firewall_ids": false,
            "image": "ubuntu-24.04",
            "ipv4_address": "46.62.144.192",
            "ipv6_address": "",
            "ipv6_network": "\u003cnil\u003e",
            "iso": null,
            "keep_disk": false,
            "labels": null,
            "location": "hel1",
            "name": "wk-authos-1",
            "network": [
              {
                "alias_ips": [],
                "ip": "10.0.2.6",
                "mac_address": "86:00:00:8b:8e:b3",
                "network_id": 11736323
              }
            ],
            "placement_group_id": 0,
            "primary_disk_size": 40,
            "public_net": [
              {
                "ipv4": 110296484,
                "ipv4_enabled": true,
                "ipv6": 0,
                "ipv6_enabled": false
              }
            ],
            "rebuild_protection": false,
            "rescue": null,
            "server_type": "cx23",
            "shutdown_before_deletion": false,
            "ssh_keys": [
              "104278281"
            ],
            "status": "running",
            "timeouts": null,
            "user_data": null
          },
          "sensitive_attributes": [],
          "identity_schema_version": 0,
          "private": "eyJlMmJmYjczMC1lY2FhLTExZTYtOGY4OC0zNDM2M2JjN2M0YzAiOnsiY3JlYXRlIjo1NDAwMDAwMDAwMDAwfX0=",
          "dependencies": [
            "data.hcloud_ssh_key.authos-cluster",
            "hcloud_network.authos_network",
            "hcloud_network_subnet.worker_authos_subnet",
            "hcloud_primary_ip.wk_authos_ips"
          ]
        },
        {
          "index_key": 1,
          "schema_version": 0,
          "attributes": {
            "allow_deprecated_images": false,
            "backup_window": "",
            "backups": false,
            "datacenter": "hel1-dc2",
            "delete_protection": false,
            "firewall_ids": [],
            "id": "115278351",
            "ignore_remote_firewall_ids": false,
            "image": "ubuntu-24.04",
            "ipv4_address": "37.27.200.9",
            "ipv6_address": "",
            "ipv6_network": "\u003cnil\u003e",
            "iso": null,
            "keep_disk": false,
            "labels": null,
            "location": "hel1",
            "name": "wk-authos-2",
            "network": [
              {
                "alias_ips": [],
                "ip": "10.0.2.7",
                "mac_address": "86:00:00:8b:8e:b4",
                "network_id": 11736323
              }
            ],
            "placement_group_id": 0,
            "primary_disk_size": 40,
            "public_net": [
              {
                "ipv4": 110296482,
                "ipv4_enabled": true,
                "ipv6": 0,
                "ipv6_enabled": false
              }
            ],
            "rebuild_protection": false,
            "rescue": null,
            "server_type": "cx23",
            "shutdown_before_deletion": false,
            "ssh_keys": [
              "104278281"
            ],
            "status": "running",
            "timeouts": null,
            "user_data": null
          },
          "sensitive_attributes": [],
          "identity_schema_version": 0,
          "private": "eyJlMmJmYjczMC1lY2FhLTExZTYtOGY4OC0zNDM2M2JjN2M0YzAiOnsiY3JlYXRlIjo1NDAwMDAwMDAwMDAwfX0=",
          "dependencies": [
            "data.hcloud_ssh_key.authos-cluster",
            "hcloud_network.authos_network",
            "hcloud_network_subnet.worker_authos_subnet",
            "hcloud_primary_ip.wk_authos_ips"
          ]
        }
      ]
    }
  ],
  "check_results": null
}
